
Microsoft Visual Studio Solution File, Format Version 12.00
# Visual Studio Version 16
VisualStudioVersion = 16.0.29509.3
MinimumVisualStudioVersion = 10.0.40219.1
Project("{2150E333-8FDC-42A3-9474-1A3956D46DE8}") = "Instrastructure", "Instrastructure", "{612BCB80-A72D-4824-BDF9-C95451D72B0A}"
EndProject
Project("{9A19103F-16F7-4668-BE54-9A1E7A4F7556}") = "FabricProject.Seed", "FabricProject.Seed\FabricProject.Seed.csproj", "{4135647E-A01D-4B17-97B1-9CC0FD5B4DCB}"
EndProject
Project("{9A19103F-16F7-4668-BE54-9A1E7A4F7556}") = "FabricProject.SqlServer", "FabricProject.SqlServer\FabricProject.SqlServer.csproj", "{02C3B543-3C21-4005-B0C9-E9CFAF31011C}"
EndProject
Project("{9A19103F-16F7-4668-BE54-9A1E7A4F7556}") = "FabricProject.Models", "FabricProject.Models\FabricProject.Models.csproj", "{4F14BDD5-22AE-4D60-844C-EA33E31A4A58}"
EndProject
Project("{2150E333-8FDC-42A3-9474-1A3956D46DE8}") = "BoundedContext", "BoundedContext", "{579C3012-01BB-4ACB-961F-18583F937AFD}"
EndProject
Project("{9A19103F-16F7-4668-BE54-9A1E7A4F7556}") = "FabricProject.SharedBoundedContext", "FabricProject.SharedBoundedContext\FabricProject.SharedBoundedContext.csproj", "{CEEC26C4-A828-4D9D-A82A-8BA1F221A22E}"
EndProject
Project("{2150E333-8FDC-42A3-9474-1A3956D46DE8}") = "Models", "Models", "{F5EE05A2-8C7A-417C-B4CC-B29626A41480}"
EndProject
Project("{9A19103F-16F7-4668-BE54-9A1E7A4F7556}") = "FabricProject.Data", "FabricProject.Data\FabricProject.Data.csproj", "{1FEAD218-40D6-4848-B466-CF30E5025E67}"
EndProject
Project("{9A19103F-16F7-4668-BE54-9A1E7A4F7556}") = "FabricProject.Dto", "FabricProject.Dto\FabricProject.Dto.csproj", "{429A60F6-B0D9-44B5-BDDF-1374C89F2BD9}"
EndProject
Project("{9A19103F-16F7-4668-BE54-9A1E7A4F7556}") = "FabrciProject.IData", "FabrciProject.IData\FabrciProject.IData.csproj", "{B373B790-7451-49E1-967D-592CD36E8D56}"
EndProject
Project("{2150E333-8FDC-42A3-9474-1A3956D46DE8}") = "SharedKernal", "SharedKernal", "{0F00A2BE-192D-45C1-87D1-C2D9C47B3E80}"
EndProject
Project("{9A19103F-16F7-4668-BE54-9A1E7A4F7556}") = "FabricProject.SharedKernal", "FabricProject.SharedKernal\FabricProject.SharedKernal.csproj", "{AA31CF54-6A93-4D3C-8175-ED56770E51C7}"
EndProject
Project("{2150E333-8FDC-42A3-9474-1A3956D46DE8}") = "UI", "UI", "{AAD57BED-1FB1-4FAE-9B2C-56D2FFFEAF12}"
EndProject
Project("{9A19103F-16F7-4668-BE54-9A1E7A4F7556}") = "Speculum", "Speculum\Speculum.csproj", "{32006CCA-D1F8-4577-BCFB-7CD60B18BA40}"
EndProject
Project("{2150E333-8FDC-42A3-9474-1A3956D46DE8}") = "GlobalException", "GlobalException", "{F9BC886D-10FE-4CB1-944A-AE3A9A608705}"
EndProject
Project("{9A19103F-16F7-4668-BE54-9A1E7A4F7556}") = "Exceptions", "Exceptions\Exceptions.csproj", "{871B8EDE-519B-49DC-B6C3-6E55503735F8}"
EndProject
Global
	GlobalSection(SolutionConfigurationPlatforms) = preSolution
		Debug|Any CPU = Debug|Any CPU
		Release|Any CPU = Release|Any CPU
	EndGlobalSection
	GlobalSection(ProjectConfigurationPlatforms) = postSolution
		{4135647E-A01D-4B17-97B1-9CC0FD5B4DCB}.Debug|Any CPU.ActiveCfg = Debug|Any CPU
		{4135647E-A01D-4B17-97B1-9CC0FD5B4DCB}.Debug|Any CPU.Build.0 = Debug|Any CPU
		{4135647E-A01D-4B17-97B1-9CC0FD5B4DCB}.Release|Any CPU.ActiveCfg = Release|Any CPU
		{4135647E-A01D-4B17-97B1-9CC0FD5B4DCB}.Release|Any CPU.Build.0 = Release|Any CPU
		{02C3B543-3C21-4005-B0C9-E9CFAF31011C}.Debug|Any CPU.ActiveCfg = Debug|Any CPU
		{02C3B543-3C21-4005-B0C9-E9CFAF31011C}.Debug|Any CPU.Build.0 = Debug|Any CPU
		{02C3B543-3C21-4005-B0C9-E9CFAF31011C}.Release|Any CPU.ActiveCfg = Release|Any CPU
		{02C3B543-3C21-4005-B0C9-E9CFAF31011C}.Release|Any CPU.Build.0 = Release|Any CPU
		{4F14BDD5-22AE-4D60-844C-EA33E31A4A58}.Debug|Any CPU.ActiveCfg = Debug|Any CPU
		{4F14BDD5-22AE-4D60-844C-EA33E31A4A58}.Debug|Any CPU.Build.0 = Debug|Any CPU
		{4F14BDD5-22AE-4D60-844C-EA33E31A4A58}.Release|Any CPU.ActiveCfg = Release|Any CPU
		{4F14BDD5-22AE-4D60-844C-EA33E31A4A58}.Release|Any CPU.Build.0 = Release|Any CPU
		{CEEC26C4-A828-4D9D-A82A-8BA1F221A22E}.Debug|Any CPU.ActiveCfg = Debug|Any CPU
		{CEEC26C4-A828-4D9D-A82A-8BA1F221A22E}.Debug|Any CPU.Build.0 = Debug|Any CPU
		{CEEC26C4-A828-4D9D-A82A-8BA1F221A22E}.Release|Any CPU.ActiveCfg = Release|Any CPU
		{CEEC26C4-A828-4D9D-A82A-8BA1F221A22E}.Release|Any CPU.Build.0 = Release|Any CPU
		{1FEAD218-40D6-4848-B466-CF30E5025E67}.Debug|Any CPU.ActiveCfg = Debug|Any CPU
		{1FEAD218-40D6-4848-B466-CF30E5025E67}.Debug|Any CPU.Build.0 = Debug|Any CPU
		{1FEAD218-40D6-4848-B466-CF30E5025E67}.Release|Any CPU.ActiveCfg = Release|Any CPU
		{1FEAD218-40D6-4848-B466-CF30E5025E67}.Release|Any CPU.Build.0 = Release|Any CPU
		{429A60F6-B0D9-44B5-BDDF-1374C89F2BD9}.Debug|Any CPU.ActiveCfg = Debug|Any CPU
		{429A60F6-B0D9-44B5-BDDF-1374C89F2BD9}.Debug|Any CPU.Build.0 = Debug|Any CPU
		{429A60F6-B0D9-44B5-BDDF-1374C89F2BD9}.Release|Any CPU.ActiveCfg = Release|Any CPU
		{429A60F6-B0D9-44B5-BDDF-1374C89F2BD9}.Release|Any CPU.Build.0 = Release|Any CPU
		{B373B790-7451-49E1-967D-592CD36E8D56}.Debug|Any CPU.ActiveCfg = Debug|Any CPU
		{B373B790-7451-49E1-967D-592CD36E8D56}.Debug|Any CPU.Build.0 = Debug|Any CPU
		{B373B790-7451-49E1-967D-592CD36E8D56}.Release|Any CPU.ActiveCfg = Release|Any CPU
		{B373B790-7451-49E1-967D-592CD36E8D56}.Release|Any CPU.Build.0 = Release|Any CPU
		{AA31CF54-6A93-4D3C-8175-ED56770E51C7}.Debug|Any CPU.ActiveCfg = Debug|Any CPU
		{AA31CF54-6A93-4D3C-8175-ED56770E51C7}.Debug|Any CPU.Build.0 = Debug|Any CPU
		{AA31CF54-6A93-4D3C-8175-ED56770E51C7}.Release|Any CPU.ActiveCfg = Release|Any CPU
		{AA31CF54-6A93-4D3C-8175-ED56770E51C7}.Release|Any CPU.Build.0 = Release|Any CPU
		{32006CCA-D1F8-4577-BCFB-7CD60B18BA40}.Debug|Any CPU.ActiveCfg = Debug|Any CPU
		{32006CCA-D1F8-4577-BCFB-7CD60B18BA40}.Debug|Any CPU.Build.0 = Debug|Any CPU
		{32006CCA-D1F8-4577-BCFB-7CD60B18BA40}.Release|Any CPU.ActiveCfg = Release|Any CPU
		{32006CCA-D1F8-4577-BCFB-7CD60B18BA40}.Release|Any CPU.Build.0 = Release|Any CPU
		{871B8EDE-519B-49DC-B6C3-6E55503735F8}.Debug|Any CPU.ActiveCfg = Debug|Any CPU
		{871B8EDE-519B-49DC-B6C3-6E55503735F8}.Debug|Any CPU.Build.0 = Debug|Any CPU
		{871B8EDE-519B-49DC-B6C3-6E55503735F8}.Release|Any CPU.ActiveCfg = Release|Any CPU
		{871B8EDE-519B-49DC-B6C3-6E55503735F8}.Release|Any CPU.Build.0 = Release|Any CPU
	EndGlobalSection
	GlobalSection(SolutionProperties) = preSolution
		HideSolutionNode = FALSE
	EndGlobalSection
	GlobalSection(NestedProjects) = preSolution
		{4135647E-A01D-4B17-97B1-9CC0FD5B4DCB} = {612BCB80-A72D-4824-BDF9-C95451D72B0A}
		{02C3B543-3C21-4005-B0C9-E9CFAF31011C} = {612BCB80-A72D-4824-BDF9-C95451D72B0A}
		{4F14BDD5-22AE-4D60-844C-EA33E31A4A58} = {612BCB80-A72D-4824-BDF9-C95451D72B0A}
		{CEEC26C4-A828-4D9D-A82A-8BA1F221A22E} = {579C3012-01BB-4ACB-961F-18583F937AFD}
		{F5EE05A2-8C7A-417C-B4CC-B29626A41480} = {579C3012-01BB-4ACB-961F-18583F937AFD}
		{1FEAD218-40D6-4848-B466-CF30E5025E67} = {F5EE05A2-8C7A-417C-B4CC-B29626A41480}
		{429A60F6-B0D9-44B5-BDDF-1374C89F2BD9} = {F5EE05A2-8C7A-417C-B4CC-B29626A41480}
		{B373B790-7451-49E1-967D-592CD36E8D56} = {F5EE05A2-8C7A-417C-B4CC-B29626A41480}
		{AA31CF54-6A93-4D3C-8175-ED56770E51C7} = {0F00A2BE-192D-45C1-87D1-C2D9C47B3E80}
		{32006CCA-D1F8-4577-BCFB-7CD60B18BA40} = {AAD57BED-1FB1-4FAE-9B2C-56D2FFFEAF12}
		{871B8EDE-519B-49DC-B6C3-6E55503735F8} = {F9BC886D-10FE-4CB1-944A-AE3A9A608705}
	EndGlobalSection
	GlobalSection(ExtensibilityGlobals) = postSolution
		SolutionGuid = {45A9B895-A62A-49A0-98D7-F3EBF620C7B6}
	EndGlobalSection
EndGlobal
